<?xml version="1.0" encoding="utf-8"?>
<Project ToolsVersion="4.0" xmlns="http://schemas.microsoft.com/developer/msbuild/2003">
  <ItemGroup>
    <Filter Include="Source Files">
      <UniqueIdentifier>{4FC737F1-C7A5-4376-A066-2A32D752A2FF}</UniqueIdentifier>
      <Extensions>cpp;c;cc;cxx;c++;cppm;ixx;def;odl;idl;hpj;bat;asm;asmx;vert;frag</Extensions>
    </Filter>
    <Filter Include="Header Files">
      <UniqueIdentifier>{93995380-89BD-4b04-88EB-625FBE52EBFB}</UniqueIdentifier>
      <Extensions>h;hh;hpp;hxx;h++;hm;inl;inc;ipp;xsd</Extensions>
    </Filter>
    <Filter Include="Resource Files">
      <UniqueIdentifier>{67DA6AB6-F800-4c08-8B7A-83BB121AAD01}</UniqueIdentifier>
      <Extensions>rc;ico;cur;bmp;dlg;rc2;rct;bin;rgs;gif;jpg;jpeg;jpe;resx;tiff;tif;png;wav;mfcribbon-ms</Extensions>
    </Filter>
    <Filter Include="Source Files\FragmentShaders">
      <UniqueIdentifier>{b328cb28-2c1d-4495-9401-0f896bba199c}</UniqueIdentifier>
    </Filter>
    <Filter Include="Source Files\VertexShaders">
      <UniqueIdentifier>{5677a2af-35eb-423f-9f28-d3fb80fa711f}</UniqueIdentifier>
    </Filter>
  </ItemGroup>
  <ItemGroup>
    <ClCompile Include="Main.cpp">
      <Filter>Source Files</Filter>
    </ClCompile>
    <ClCompile Include="glad.c">
      <Filter>Source Files</Filter>
    </ClCompile>
    <ClCompile Include="STB.cpp">
      <Filter>Source Files</Filter>
    </ClCompile>
    <ClCompile Include="DeferredShading.cpp">
      <Filter>Source Files</Filter>
    </ClCompile>
  </ItemGroup>
  <ItemGroup>
    <None Include="gsNormalDebug.geom">
      <Filter>Source Files</Filter>
    </None>
    <None Include="gsShadowCubemap.geom">
      <Filter>Source Files</Filter>
    </None>
    <None Include="Shaders\gsNormalDebug.geom" />
    <None Include="Shaders\gsShadowCubemap.geom" />
    <None Include="Shaders\FragmentShader.frag">
      <Filter>Source Files\FragmentShaders</Filter>
    </None>
    <None Include="Shaders\FragmentShaderColors.frag">
      <Filter>Source Files\FragmentShaders</Filter>
    </None>
    <None Include="Shaders\FragmentShaderLight.frag">
      <Filter>Source Files\FragmentShaders</Filter>
    </None>
    <None Include="Shaders\FragmentShaderMaterial.frag">
      <Filter>Source Files\FragmentShaders</Filter>
    </None>
    <None Include="Shaders\FragmentShaderNLights.frag">
      <Filter>Source Files\FragmentShaders</Filter>
    </None>
    <None Include="Shaders\FragmentShaderNormal.frag">
      <Filter>Source Files\FragmentShaders</Filter>
    </None>
    <None Include="Shaders\FragmentShaderTexture.frag">
      <Filter>Source Files\FragmentShaders</Filter>
    </None>
    <None Include="Shaders\fsAlpha.frag">
      <Filter>Source Files\FragmentShaders</Filter>
    </None>
    <None Include="Shaders\fsBrdfLUT.frag">
      <Filter>Source Files\FragmentShaders</Filter>
    </None>
    <None Include="Shaders\fsCubemap.frag">
      <Filter>Source Files\FragmentShaders</Filter>
    </None>
    <None Include="Shaders\fsCubemapConversion.frag">
      <Filter>Source Files\FragmentShaders</Filter>
    </None>
    <None Include="Shaders\fsCubemapConvolution.frag">
      <Filter>Source Files\FragmentShaders</Filter>
    </None>
    <None Include="Shaders\fsDepthBuffer.frag">
      <Filter>Source Files\FragmentShaders</Filter>
    </None>
    <None Include="Shaders\fsEmpty.frag">
      <Filter>Source Files\FragmentShaders</Filter>
    </None>
    <None Include="Shaders\fsFrameBuffer.frag">
      <Filter>Source Files\FragmentShaders</Filter>
    </None>
    <None Include="Shaders\fsGaussianBlur.frag">
      <Filter>Source Files\FragmentShaders</Filter>
    </None>
    <None Include="Shaders\fsGBuffer.frag">
      <Filter>Source Files\FragmentShaders</Filter>
    </None>
    <None Include="Shaders\fsGlass.frag">
      <Filter>Source Files\FragmentShaders</Filter>
    </None>
    <None Include="Shaders\fsLinearDepth.frag">
      <Filter>Source Files\FragmentShaders</Filter>
    </None>
    <None Include="Shaders\fsMirror.frag">
      <Filter>Source Files\FragmentShaders</Filter>
    </None>
    <None Include="Shaders\fsNormalDebug.frag">
      <Filter>Source Files\FragmentShaders</Filter>
    </None>
    <None Include="Shaders\fsPBR.frag">
      <Filter>Source Files\FragmentShaders</Filter>
    </None>
    <None Include="Shaders\fsPrefilterCubemap.frag">
      <Filter>Source Files\FragmentShaders</Filter>
    </None>
    <None Include="Shaders\fsQuad.frag">
      <Filter>Source Files\FragmentShaders</Filter>
    </None>
    <None Include="Shaders\fsSSAO.frag">
      <Filter>Source Files\FragmentShaders</Filter>
    </None>
    <None Include="Shaders\fsSSAOBlur.frag">
      <Filter>Source Files\FragmentShaders</Filter>
    </None>
    <None Include="Shaders\fsStandard.frag">
      <Filter>Source Files\FragmentShaders</Filter>
    </None>
    <None Include="Shaders\fsStandardDeferred.frag">
      <Filter>Source Files\FragmentShaders</Filter>
    </None>
    <None Include="fsStandardDeferred.frag">
      <Filter>Source Files\FragmentShaders</Filter>
    </None>
    <None Include="Shaders\fsStencilOutline.frag">
      <Filter>Source Files\FragmentShaders</Filter>
    </None>
    <None Include="Shaders\VertexShader.vert">
      <Filter>Source Files\VertexShaders</Filter>
    </None>
    <None Include="Shaders\VertexShaderColors.vert">
      <Filter>Source Files\VertexShaders</Filter>
    </None>
    <None Include="Shaders\VertexShaderCube.vert">
      <Filter>Source Files\VertexShaders</Filter>
    </None>
    <None Include="Shaders\VertexShaderTexture.vert">
      <Filter>Source Files\VertexShaders</Filter>
    </None>
    <None Include="Shaders\VertexShaderTextureAndNormals.vert">
      <Filter>Source Files\VertexShaders</Filter>
    </None>
    <None Include="Shaders\vsCubemap.vert">
      <Filter>Source Files\VertexShaders</Filter>
    </None>
    <None Include="Shaders\vsCubemapConversion.vert">
      <Filter>Source Files\VertexShaders</Filter>
    </None>
    <None Include="Shaders\vsFrameBuffer.vert">
      <Filter>Source Files\VertexShaders</Filter>
    </None>
    <None Include="Shaders\vsGBuffer.vert">
      <Filter>Source Files\VertexShaders</Filter>
    </None>
    <None Include="Shaders\vsMirror.vert">
      <Filter>Source Files\VertexShaders</Filter>
    </None>
    <None Include="Shaders\vsNormalDebug.vert">
      <Filter>Source Files\VertexShaders</Filter>
    </None>
    <None Include="Shaders\vsQuad.vert">
      <Filter>Source Files\VertexShaders</Filter>
    </None>
    <None Include="Shaders\vsShadowCubemap.vert">
      <Filter>Source Files\VertexShaders</Filter>
    </None>
    <None Include="Shaders\vsShadowMap.vert">
      <Filter>Source Files\VertexShaders</Filter>
    </None>
    <None Include="Shaders\vsStandard.vert">
      <Filter>Source Files\VertexShaders</Filter>
    </None>
    <None Include="Shaders\vsStandardDeferred.vert">
      <Filter>Source Files\VertexShaders</Filter>
    </None>
  </ItemGroup>
  <ItemGroup>
    <ClInclude Include="Shader.h">
      <Filter>Header Files</Filter>
    </ClInclude>
    <ClInclude Include="Camera.h">
      <Filter>Header Files</Filter>
    </ClInclude>
    <ClInclude Include="Mesh.h">
      <Filter>Header Files</Filter>
    </ClInclude>
    <ClInclude Include="LightBase.h">
      <Filter>Header Files</Filter>
    </ClInclude>
    <ClInclude Include="Shape.h">
      <Filter>Header Files</Filter>
    </ClInclude>
    <ClInclude Include="Model.h">
      <Filter>Header Files</Filter>
    </ClInclude>
    <ClInclude Include="Framebuffer.h">
      <Filter>Header Files</Filter>
    </ClInclude>
    <ClInclude Include="Cubemap.h">
      <Filter>Header Files</Filter>
    </ClInclude>
    <ClInclude Include="Planet.h">
      <Filter>Header Files</Filter>
    </ClInclude>
    <ClInclude Include="ShadowMap.h">
      <Filter>Header Files</Filter>
    </ClInclude>
    <ClInclude Include="DrawableObject.h">
      <Filter>Header Files</Filter>
    </ClInclude>
    <ClInclude Include="Transformation.h">
      <Filter>Header Files</Filter>
    </ClInclude>
    <ClInclude Include="Texture.h">
      <Filter>Header Files</Filter>
    </ClInclude>
    <ClInclude Include="Scene.h">
      <Filter>Header Files</Filter>
    </ClInclude>
    <ClInclude Include="LightItem.h">
      <Filter>Header Files</Filter>
    </ClInclude>
    <ClInclude Include="DeferredShading.h">
      <Filter>Header Files</Filter>
    </ClInclude>
    <ClInclude Include="GBuffer.h">
      <Filter>Header Files</Filter>
    </ClInclude>
    <ClInclude Include="SSAO.h">
      <Filter>Header Files</Filter>
    </ClInclude>
    <ClInclude Include="FramebufferDebug.h">
      <Filter>Header Files</Filter>
    </ClInclude>
  </ItemGroup>
</Project>